
Microsoft Visual Studio Solution File, Format Version 12.00
# Visual Studio Version 16
VisualStudioVersion = 16.0.30002.166
MinimumVisualStudioVersion = 10.0.40219.1
Project("{FAE04EC0-301F-11D3-BF4B-00C04F79EFBC}") = "B20_Ex01_5", "Ex01_05\B20_Ex01_5.csproj", "{BD2BB33B-BDF6-4175-BAB4-BE30955647E9}"
EndProject
Global
	GlobalSection(SolutionConfigurationPlatforms) = preSolution
		Debug|Any CPU = Debug|Any CPU
		Release|Any CPU = Release|Any CPU
	EndGlobalSection
	GlobalSection(ProjectConfigurationPlatforms) = postSolution
		{BD2BB33B-BDF6-4175-BAB4-BE30955647E9}.Debug|Any CPU.ActiveCfg = Debug|Any CPU
		{BD2BB33B-BDF6-4175-BAB4-BE30955647E9}.Debug|Any CPU.Build.0 = Debug|Any CPU
		{BD2BB33B-BDF6-4175-BAB4-BE30955647E9}.Release|Any CPU.ActiveCfg = Release|Any CPU
		{BD2BB33B-BDF6-4175-BAB4-BE30955647E9}.Release|Any CPU.Build.0 = Release|Any CPU
	EndGlobalSection
	GlobalSection(SolutionProperties) = preSolution
		HideSolutionNode = FALSE
	EndGlobalSection
	GlobalSection(ExtensibilityGlobals) = postSolution
		SolutionGuid = {F9F29E4A-CFB8-4C3C-86D7-FE5CD8871B43}
	EndGlobalSection
EndGlobal
